
Microsoft Visual Studio Solution File, Format Version 12.00
# Visual Studio Version 17
VisualStudioVersion = 17.6.33829.357
MinimumVisualStudioVersion = 10.0.40219.1
Project("{FAE04EC0-301F-11D3-BF4B-00C04F79EFBC}") = "WinFormsApp_SymmetricEncryption", "WinFormsApp_SymmetricEncryption.csproj", "{2AB10230-6321-48F8-8497-272913098831}"
EndProject
Global
	GlobalSection(SolutionConfigurationPlatforms) = preSolution
		Debug|Any CPU = Debug|Any CPU
		Release|Any CPU = Release|Any CPU
	EndGlobalSection
	GlobalSection(ProjectConfigurationPlatforms) = postSolution
		{2AB10230-6321-48F8-8497-272913098831}.Debug|Any CPU.ActiveCfg = Debug|Any CPU
		{2AB10230-6321-48F8-8497-272913098831}.Debug|Any CPU.Build.0 = Debug|Any CPU
		{2AB10230-6321-48F8-8497-272913098831}.Release|Any CPU.ActiveCfg = Release|Any CPU
		{2AB10230-6321-48F8-8497-272913098831}.Release|Any CPU.Build.0 = Release|Any CPU
	EndGlobalSection
	GlobalSection(SolutionProperties) = preSolution
		HideSolutionNode = FALSE
	EndGlobalSection
	GlobalSection(ExtensibilityGlobals) = postSolution
		SolutionGuid = {24C774B6-F386-4E26-B078-710B649863F1}
	EndGlobalSection
EndGlobal
